
Microsoft Visual Studio Solution File, Format Version 12.00
# Visual Studio 14
VisualStudioVersion = 14.0.25420.1
MinimumVisualStudioVersion = 10.0.40219.1
Project("{FAE04EC0-301F-11D3-BF4B-00C04F79EFBC}") = "DevStore.Domain", "DevStore.Domain\DevStore.Domain.csproj", "{3FB1C0E4-C868-419D-BEAD-58CC475A3339}"
EndProject
Project("{FAE04EC0-301F-11D3-BF4B-00C04F79EFBC}") = "DevStore.Infra", "DevStore.Infra\DevStore.Infra.csproj", "{F396DB75-DE43-4CCF-8493-E280F5610B8F}"
EndProject
Project("{FAE04EC0-301F-11D3-BF4B-00C04F79EFBC}") = "DevStore.Api", "DevStore.Api\DevStore.Api.csproj", "{A6CB175F-6B64-451F-A8E3-2E5F097C27AF}"
EndProject
Global
	GlobalSection(SolutionConfigurationPlatforms) = preSolution
		Debug|Any CPU = Debug|Any CPU
		Release|Any CPU = Release|Any CPU
	EndGlobalSection
	GlobalSection(ProjectConfigurationPlatforms) = postSolution
		{3FB1C0E4-C868-419D-BEAD-58CC475A3339}.Debug|Any CPU.ActiveCfg = Debug|Any CPU
		{3FB1C0E4-C868-419D-BEAD-58CC475A3339}.Debug|Any CPU.Build.0 = Debug|Any CPU
		{3FB1C0E4-C868-419D-BEAD-58CC475A3339}.Release|Any CPU.ActiveCfg = Release|Any CPU
		{3FB1C0E4-C868-419D-BEAD-58CC475A3339}.Release|Any CPU.Build.0 = Release|Any CPU
		{F396DB75-DE43-4CCF-8493-E280F5610B8F}.Debug|Any CPU.ActiveCfg = Debug|Any CPU
		{F396DB75-DE43-4CCF-8493-E280F5610B8F}.Debug|Any CPU.Build.0 = Debug|Any CPU
		{F396DB75-DE43-4CCF-8493-E280F5610B8F}.Release|Any CPU.ActiveCfg = Release|Any CPU
		{F396DB75-DE43-4CCF-8493-E280F5610B8F}.Release|Any CPU.Build.0 = Release|Any CPU
		{A6CB175F-6B64-451F-A8E3-2E5F097C27AF}.Debug|Any CPU.ActiveCfg = Debug|Any CPU
		{A6CB175F-6B64-451F-A8E3-2E5F097C27AF}.Debug|Any CPU.Build.0 = Debug|Any CPU
		{A6CB175F-6B64-451F-A8E3-2E5F097C27AF}.Release|Any CPU.ActiveCfg = Release|Any CPU
		{A6CB175F-6B64-451F-A8E3-2E5F097C27AF}.Release|Any CPU.Build.0 = Release|Any CPU
	EndGlobalSection
	GlobalSection(SolutionProperties) = preSolution
		HideSolutionNode = FALSE
	EndGlobalSection
EndGlobal
